{
  "name": "pi-extensions-workspace",
  "lockfileVersion": 3,
  "requires": true,
  "packages": {
    "": {
      "name": "pi-extensions-workspace",
      "workspaces": [
        "packages/*"
      ]
    },
    "node_modules/@onkarbhardwaj/pi-annotate": {
      "resolved": "packages/annotate",
      "link": true
    },
    "node_modules/@onkarbhardwaj/pi-diff-review": {
      "resolved": "packages/diff-review",
      "link": true
    },
    "node_modules/@onkarbhardwaj/pi-pipill": {
      "resolved": "packages/pipill",
      "link": true
    },
    "node_modules/@onkarbhardwaj/pi-reference-widget": {
      "resolved": "packages/reference-widget",
      "link": true
    },
    "node_modules/diff": {
      "version": "8.0.4",
      "resolved": "https://registry.npmjs.org/diff/-/diff-8.0.4.tgz",
      "integrity": "sha512-DPi0FmjiSU5EvQV0++GFDOJ9ASQUVFh5kD+OzOnYdi7n3Wpm9hWWGfB/O2blfHcMVTL5WkQXSnRiK9makhrcnw==",
      "license": "BSD-3-Clause",
      "engines": {
        "node": ">=0.3.1"
      }
    },
    "node_modules/grok-mermaid": {
      "version": "0.2.3",
      "resolved": "https://registry.npmjs.org/grok-mermaid/-/grok-mermaid-0.2.3.tgz",
      "integrity": "sha512-/4KopAbsjvuRP9MdPtlDjOHUmUVEohOX73JNcsWpzAtFxh+bq5+Dhb6gzvRieLDwIPQIR3/vy8V1NNTuz4Zsmg==",
      "license": "Apache-2.0",
      "engines": {
        "node": ">=18"
      }
    },
    "packages/annotate": {
      "name": "@onkarbhardwaj/pi-annotate",
      "version": "0.1.0",
      "license": "MIT",
      "engines": {
        "node": ">=22.18.0"
      },
      "peerDependencies": {
        "@earendil-works/pi-coding-agent": "*",
        "@earendil-works/pi-tui": "*"
      }
    },
    "packages/diff-review": {
      "name": "@onkarbhardwaj/pi-diff-review",
      "version": "0.1.0",
      "license": "MIT",
      "dependencies": {
        "diff": "8.0.4"
      },
      "engines": {
        "node": ">=22.18.0"
      },
      "peerDependencies": {
        "@earendil-works/pi-coding-agent": "*",
        "@earendil-works/pi-tui": "*"
      }
    },
    "packages/pipill": {
      "name": "@onkarbhardwaj/pi-pipill",
      "version": "0.1.0",
      "license": "MIT",
      "engines": {
        "node": ">=22.18.0"
      },
      "peerDependencies": {
        "@earendil-works/pi-coding-agent": "*",
        "@earendil-works/pi-tui": "*",
        "typebox": "*"
      }
    },
    "packages/reference-widget": {
      "name": "@onkarbhardwaj/pi-reference-widget",
      "version": "0.1.0",
      "license": "MIT",
      "dependencies": {
        "grok-mermaid": "0.2.3"
      },
      "engines": {
        "node": ">=22.18.0"
      },
      "peerDependencies": {
        "@earendil-works/pi-coding-agent": "*",
        "@earendil-works/pi-tui": "*",
        "typebox": "*"
      }
    }
  }
}
